
Microsoft Visual Studio Solution File, Format Version 12.00
# Visual Studio Version 16
VisualStudioVersion = 16.0.30804.86
MinimumVisualStudioVersion = 10.0.40219.1
Project("{9A19103F-16F7-4668-BE54-9A1E7A4F7556}") = "Graph", "Graph\Graph.csproj", "{F6FFA601-7354-495A-A134-23AB66D0DCC4}"
EndProject
Project("{9A19103F-16F7-4668-BE54-9A1E7A4F7556}") = "AreasInMatrix", "AreasInMatrix\AreasInMatrix.csproj", "{7A907043-F712-4BB8-805C-E1AE0AB77060}"
EndProject
Project("{FAE04EC0-301F-11D3-BF4B-00C04F79EFBC}") = "CyclesGraph", "CyclesGraph\CyclesGraph.csproj", "{0B930CC6-5724-4D92-AC56-3F4E3B698DD5}"
EndProject
Project("{FAE04EC0-301F-11D3-BF4B-00C04F79EFBC}") = "Salaries", "..\Salaries\Salaries.csproj", "{FE3B20C8-AA21-4510-A83F-C547249EEDD1}"
EndProject
Project("{FAE04EC0-301F-11D3-BF4B-00C04F79EFBC}") = "BreakGraph", "..\BreakGraph\BreakGraph.csproj", "{8396D36B-9309-4352-9353-46FD74421CEF}"
EndProject
Global
	GlobalSection(SolutionConfigurationPlatforms) = preSolution
		Debug|Any CPU = Debug|Any CPU
		Release|Any CPU = Release|Any CPU
	EndGlobalSection
	GlobalSection(ProjectConfigurationPlatforms) = postSolution
		{F6FFA601-7354-495A-A134-23AB66D0DCC4}.Debug|Any CPU.ActiveCfg = Debug|Any CPU
		{F6FFA601-7354-495A-A134-23AB66D0DCC4}.Debug|Any CPU.Build.0 = Debug|Any CPU
		{F6FFA601-7354-495A-A134-23AB66D0DCC4}.Release|Any CPU.ActiveCfg = Release|Any CPU
		{F6FFA601-7354-495A-A134-23AB66D0DCC4}.Release|Any CPU.Build.0 = Release|Any CPU
		{7A907043-F712-4BB8-805C-E1AE0AB77060}.Debug|Any CPU.ActiveCfg = Debug|Any CPU
		{7A907043-F712-4BB8-805C-E1AE0AB77060}.Debug|Any CPU.Build.0 = Debug|Any CPU
		{7A907043-F712-4BB8-805C-E1AE0AB77060}.Release|Any CPU.ActiveCfg = Release|Any CPU
		{7A907043-F712-4BB8-805C-E1AE0AB77060}.Release|Any CPU.Build.0 = Release|Any CPU
		{0B930CC6-5724-4D92-AC56-3F4E3B698DD5}.Debug|Any CPU.ActiveCfg = Debug|Any CPU
		{0B930CC6-5724-4D92-AC56-3F4E3B698DD5}.Debug|Any CPU.Build.0 = Debug|Any CPU
		{0B930CC6-5724-4D92-AC56-3F4E3B698DD5}.Release|Any CPU.ActiveCfg = Release|Any CPU
		{0B930CC6-5724-4D92-AC56-3F4E3B698DD5}.Release|Any CPU.Build.0 = Release|Any CPU
		{FE3B20C8-AA21-4510-A83F-C547249EEDD1}.Debug|Any CPU.ActiveCfg = Debug|Any CPU
		{FE3B20C8-AA21-4510-A83F-C547249EEDD1}.Debug|Any CPU.Build.0 = Debug|Any CPU
		{FE3B20C8-AA21-4510-A83F-C547249EEDD1}.Release|Any CPU.ActiveCfg = Release|Any CPU
		{FE3B20C8-AA21-4510-A83F-C547249EEDD1}.Release|Any CPU.Build.0 = Release|Any CPU
		{8396D36B-9309-4352-9353-46FD74421CEF}.Debug|Any CPU.ActiveCfg = Debug|Any CPU
		{8396D36B-9309-4352-9353-46FD74421CEF}.Debug|Any CPU.Build.0 = Debug|Any CPU
		{8396D36B-9309-4352-9353-46FD74421CEF}.Release|Any CPU.ActiveCfg = Release|Any CPU
		{8396D36B-9309-4352-9353-46FD74421CEF}.Release|Any CPU.Build.0 = Release|Any CPU
	EndGlobalSection
	GlobalSection(SolutionProperties) = preSolution
		HideSolutionNode = FALSE
	EndGlobalSection
	GlobalSection(ExtensibilityGlobals) = postSolution
		SolutionGuid = {380B5641-6182-44E5-9BAB-1C186A14F1E1}
	EndGlobalSection
EndGlobal
